{
  "originHash" : "72498da47a6b4e930a1895a27775d57f249714d5d6a171365b85d1b262180003",
  "pins" : [
    {
      "identity" : "rainbow",
      "kind" : "remoteSourceControl",
      "location" : "https://github.com/onevcat/Rainbow.git",
      "state" : {
        "revision" : "0c627a4f8a39ef37eadec1ceec02e4a7f55561ac",
        "version" : "4.1.0"
      }
    }
  ],
  "version" : 3
}
